PODS:
  - Crashlytics (3.8.4):
    - Fabric (~> 1.6.3)
  - DTFoundation/Core (1.7.12)
  - DTFoundation/UIKit (1.7.12):
    - DTFoundation/Core
  - DTFoundation/UIKit_BlocksAdditions (1.7.12):
    - DTFoundation/Core
  - DTKeychain (1.0.2):
    - DTKeychain/Core (= 1.0.2)
  - DTKeychain/Core (1.0.2)
  - Fabric (1.6.11)
  - ProductLayerSDK (0.4.3):
    - ProductLayerSDK/Core (= 0.4.3)
    - ProductLayerSDK/PLYEntities (= 0.4.3)
  - ProductLayerSDK/Core (0.4.3):
    - DTFoundation/Core (~> 1.7.4)
    - DTFoundation/UIKit (~> 1.7.4)
    - DTFoundation/UIKit_BlocksAdditions
    - DTKeychain (~> 1.0.0)
    - ProductLayerSDK/PLYEntities
  - ProductLayerSDK/PLYEntities (0.4.3)

DEPENDENCIES:
  - Crashlytics
  - Fabric
  - ProductLayerSDK (from `https://github.com/Lweek/ProductLayer-SDK-for-iOS.git`, branch `swift3`)

EXTERNAL SOURCES:
  ProductLayerSDK:
    :branch: swift3
    :git: https://github.com/Lweek/ProductLayer-SDK-for-iOS.git

CHECKOUT OPTIONS:
  ProductLayerSDK:
    :commit: b58979d4a4a3e4c040d9ec6ad1b7ca55edb32931
    :git: https://github.com/Lweek/ProductLayer-SDK-for-iOS.git

SPEC CHECKSUMS:
  Crashlytics: 79e236942ca1e7fc641df1feb9a275360a78ab6a
  DTFoundation: 26a164ef510877387906fb92bff524a792db4bf8
  DTKeychain: 19d0d604f3fce6d82daadf7b6711ad68db1a6acf
  Fabric: 5911403591946b8228ab1c51d98f1d7137e863c6
  ProductLayerSDK: aefdb8fce1bcb03bc88b09af4370ee1f0c12552e

PODFILE CHECKSUM: f525b0922adcd6ae0283940d7484b61854e46172

COCOAPODS: 1.2.1
