{
    "_readme": [
        "This file locks the dependencies of your project to a known state",
        "Read more about it at https://getcomposer.org/doc/01-basic-usage.md#composer-lock-the-lock-file",
        "This file is @generated automatically"
    ],
    "hash": "bb14eb9210da6762e41bc05fdf8ab90e",
    "content-hash": "22c5a64c3bcbd6380fd99c05c2d98672",
    "packages": [
        {
            "name": "latte/latte",
            "version": "dev-master",
            "source": {
                "type": "git",
                "url": "https://github.com/nette/latte.git",
                "reference": "19b759b550caaad75ca0dee5f0d85f9ffb59c845"
            },
            "dist": {
                "type": "zip",
                "url": "https://api.github.com/repos/nette/latte/zipball/19b759b550caaad75ca0dee5f0d85f9ffb59c845",
                "reference": "19b759b550caaad75ca0dee5f0d85f9ffb59c845",
                "shasum": ""
            },
            "require": {
                "ext-tokenizer": "*",
                "php": ">=5.4.4"
            },
            "require-dev": {
                "nette/tester": "~1.3",
                "tracy/tracy": "^2.3"
            },
            "suggest": {
                "ext-fileinfo": "to use filter |datastream",
                "ext-mbstring": "to use filters like lower, upper, capitalize, ..."
            },
            "type": "library",
            "extra": {
                "branch-alias": {
                    "dev-master": "2.4-dev"
                }
            },
            "autoload": {
                "classmap": [
                    "src/"
                ]
            },
            "notification-url": "https://packagist.org/downloads/",
            "license": [
                "BSD-3-Clause",
                "GPL-2.0",
                "GPL-3.0"
            ],
            "authors": [
                {
                    "name": "David Grudl",
                    "homepage": "https://davidgrudl.com"
                },
                {
                    "name": "Nette Community",
                    "homepage": "https://nette.org/contributors"
                }
            ],
            "description": "Latte: the amazing template engine for PHP",
            "homepage": "https://latte.nette.org",
            "keywords": [
                "templating",
                "twig"
            ],
            "time": "2016-03-20 18:03:54"
        },
        {
            "name": "mongodb/mongodb",
            "version": "dev-master",
            "source": {
                "type": "git",
                "url": "https://github.com/mongodb/mongo-php-library.git",
                "reference": "9e443408328d7e28df3f02a1cefbd9e190a6c977"
            },
            "dist": {
                "type": "zip",
                "url": "https://api.github.com/repos/mongodb/mongo-php-library/zipball/9e443408328d7e28df3f02a1cefbd9e190a6c977",
                "reference": "9e443408328d7e28df3f02a1cefbd9e190a6c977",
                "shasum": ""
            },
            "require": {
                "ext-mongodb": "^1.1.0",
                "php": ">=5.4"
            },
            "type": "library",
            "extra": {
                "branch-alias": {
                    "dev-master": "1.1.x-dev"
                }
            },
            "autoload": {
                "psr-4": {
                    "MongoDB\\": "src/"
                },
                "files": [
                    "src/functions.php"
                ]
            },
            "notification-url": "https://packagist.org/downloads/",
            "license": [
                "Apache-2.0"
            ],
            "authors": [
                {
                    "name": "Jeremy Mikola",
                    "email": "jmikola@gmail.com"
                },
                {
                    "name": "Hannes Magnusson",
                    "email": "bjori@mongodb.com"
                },
                {
                    "name": "Derick Rethans",
                    "email": "github@derickrethans.nl"
                }
            ],
            "description": "MongoDB driver library",
            "homepage": "https://jira.mongodb.org/browse/PHPLIB",
            "keywords": [
                "database",
                "driver",
                "mongodb",
                "persistence"
            ],
            "time": "2016-04-01 14:27:47"
        },
        {
            "name": "nette/application",
            "version": "dev-master",
            "source": {
                "type": "git",
                "url": "https://github.com/nette/application.git",
                "reference": "209e227968a7970a96e5583c7e4ad05d05fc3979"
            },
            "dist": {
                "type": "zip",
                "url": "https://api.github.com/repos/nette/application/zipball/209e227968a7970a96e5583c7e4ad05d05fc3979",
                "reference": "209e227968a7970a96e5583c7e4ad05d05fc3979",
                "shasum": ""
            },
            "require": {
                "nette/component-model": "~2.2",
                "nette/http": "~2.2",
                "nette/reflection": "~2.2",
                "nette/security": "~2.2",
                "nette/utils": "~2.2",
                "php": ">=5.6.0"
            },
            "conflict": {
                "nette/nette": "<2.2"
            },
            "require-dev": {
                "latte/latte": "~2.4",
                "nette/di": "~2.3",
                "nette/forms": "~2.2",
                "nette/robot-loader": "~2.2",
                "nette/tester": "~1.3",
                "tracy/tracy": "^2.3"
            },
            "suggest": {
                "latte/latte": "Allows using Latte in templates",
                "nette/forms": "Allows to use Nette\\Application\\UI\\Form"
            },
            "type": "library",
            "extra": {
                "branch-alias": {
                    "dev-master": "2.4-dev"
                }
            },
            "autoload": {
                "classmap": [
                    "src/"
                ]
            },
            "notification-url": "https://packagist.org/downloads/",
            "license": [
                "BSD-3-Clause",
                "GPL-2.0",
                "GPL-3.0"
            ],
            "authors": [
                {
                    "name": "David Grudl",
                    "homepage": "https://davidgrudl.com"
                },
                {
                    "name": "Nette Community",
                    "homepage": "https://nette.org/contributors"
                }
            ],
            "description": "Nette Application MVC Component",
            "homepage": "https://nette.org",
            "time": "2016-04-08 13:21:25"
        },
        {
            "name": "nette/bootstrap",
            "version": "dev-master",
            "source": {
                "type": "git",
                "url": "https://github.com/nette/bootstrap.git",
                "reference": "3159b1349df67e27190f426666b702f4313b67c8"
            },
            "dist": {
                "type": "zip",
                "url": "https://api.github.com/repos/nette/bootstrap/zipball/3159b1349df67e27190f426666b702f4313b67c8",
                "reference": "3159b1349df67e27190f426666b702f4313b67c8",
                "shasum": ""
            },
            "require": {
                "nette/di": "~2.3",
                "nette/utils": "~2.2",
                "php": ">=5.6.0"
            },
            "conflict": {
                "nette/nette": "<2.2"
            },
            "require-dev": {
                "latte/latte": "~2.2",
                "nette/application": "~2.3",
                "nette/caching": "~2.3",
                "nette/database": "~2.3",
                "nette/forms": "~2.3",
                "nette/http": "~2.3",
                "nette/mail": "~2.3",
                "nette/robot-loader": "~2.2",
                "nette/safe-stream": "~2.2",
                "nette/security": "~2.3",
                "nette/tester": "~1.3",
                "tracy/tracy": "^2.3"
            },
            "suggest": {
                "nette/robot-loader": "to use Configurator::createRobotLoader()",
                "tracy/tracy": "to use Configurator::enableDebugger()"
            },
            "type": "library",
            "extra": {
                "branch-alias": {
                    "dev-master": "2.4-dev"
                }
            },
            "autoload": {
                "classmap": [
                    "src/"
                ]
            },
            "notification-url": "https://packagist.org/downloads/",
            "license": [
                "BSD-3-Clause",
                "GPL-2.0",
                "GPL-3.0"
            ],
            "authors": [
                {
                    "name": "David Grudl",
                    "homepage": "https://davidgrudl.com"
                },
                {
                    "name": "Nette Community",
                    "homepage": "https://nette.org/contributors"
                }
            ],
            "description": "Nette Bootstrap",
            "homepage": "https://nette.org",
            "time": "2016-03-15 19:56:26"
        },
        {
            "name": "nette/caching",
            "version": "v2.4.x-dev",
            "source": {
                "type": "git",
                "url": "https://github.com/nette/caching.git",
                "reference": "a78f943baf43dec43afe8f9ca5647c5ec7e599e3"
            },
            "dist": {
                "type": "zip",
                "url": "https://api.github.com/repos/nette/caching/zipball/a78f943baf43dec43afe8f9ca5647c5ec7e599e3",
                "reference": "a78f943baf43dec43afe8f9ca5647c5ec7e599e3",
                "shasum": ""
            },
            "require": {
                "nette/finder": "~2.2",
                "nette/utils": "~2.2",
                "php": ">=5.4.4"
            },
            "conflict": {
                "nette/nette": "<2.2"
            },
            "require-dev": {
                "latte/latte": "~2.3.0",
                "nette/di": "~2.3",
                "nette/tester": "~1.6"
            },
            "type": "library",
            "extra": {
                "branch-alias": {
                    "dev-master": "2.4-dev"
                }
            },
            "autoload": {
                "classmap": [
                    "src/"
                ]
            },
            "notification-url": "https://packagist.org/downloads/",
            "license": [
                "BSD-3-Clause",
                "GPL-2.0",
                "GPL-3.0"
            ],
            "authors": [
                {
                    "name": "David Grudl",
                    "homepage": "https://davidgrudl.com"
                },
                {
                    "name": "Nette Community",
                    "homepage": "https://nette.org/contributors"
                }
            ],
            "description": "Nette Caching Component",
            "homepage": "https://nette.org",
            "time": "2016-04-01 15:24:58"
        },
        {
            "name": "nette/component-model",
            "version": "dev-master",
            "source": {
                "type": "git",
                "url": "https://github.com/nette/component-model.git",
                "reference": "c286072c020f52a38f2bc51c89447b9d811cc34e"
            },
            "dist": {
                "type": "zip",
                "url": "https://api.github.com/repos/nette/component-model/zipball/c286072c020f52a38f2bc51c89447b9d811cc34e",
                "reference": "c286072c020f52a38f2bc51c89447b9d811cc34e",
                "shasum": ""
            },
            "require": {
                "nette/utils": "^2.3.5",
                "php": ">=5.6.0"
            },
            "conflict": {
                "nette/nette": "<2.2"
            },
            "require-dev": {
                "nette/tester": "~1.3",
                "tracy/tracy": "^2.3"
            },
            "type": "library",
            "extra": {
                "branch-alias": {
                    "dev-master": "2.3-dev"
                }
            },
            "autoload": {
                "classmap": [
                    "src/"
                ]
            },
            "notification-url": "https://packagist.org/downloads/",
            "license": [
                "BSD-3-Clause",
                "GPL-2.0",
                "GPL-3.0"
            ],
            "authors": [
                {
                    "name": "David Grudl",
                    "homepage": "https://davidgrudl.com"
                },
                {
                    "name": "Nette Community",
                    "homepage": "https://nette.org/contributors"
                }
            ],
            "description": "Nette Component Model",
            "homepage": "https://nette.org",
            "time": "2016-04-05 23:15:23"
        },
        {
            "name": "nette/database",
            "version": "dev-master",
            "source": {
                "type": "git",
                "url": "https://github.com/nette/database.git",
                "reference": "2badefd1fe7d96877cb572d44c0d6a321a3613de"
            },
            "dist": {
                "type": "zip",
                "url": "https://api.github.com/repos/nette/database/zipball/2badefd1fe7d96877cb572d44c0d6a321a3613de",
                "reference": "2badefd1fe7d96877cb572d44c0d6a321a3613de",
                "shasum": ""
            },
            "require": {
                "ext-pdo": "*",
                "nette/caching": "~2.2",
                "nette/utils": "~2.4",
                "php": ">=5.6.0"
            },
            "conflict": {
                "nette/nette": "<2.2"
            },
            "require-dev": {
                "mockery/mockery": "~1.0.0",
                "nette/di": "~2.3",
                "nette/tester": "~1.3",
                "tracy/tracy": "^2.3"
            },
            "type": "library",
            "extra": {
                "branch-alias": {
                    "dev-master": "2.4-dev"
                }
            },
            "autoload": {
                "classmap": [
                    "src/"
                ]
            },
            "notification-url": "https://packagist.org/downloads/",
            "license": [
                "BSD-3-Clause",
                "GPL-2.0",
                "GPL-3.0"
            ],
            "authors": [
                {
                    "name": "David Grudl",
                    "homepage": "https://davidgrudl.com"
                },
                {
                    "name": "Nette Community",
                    "homepage": "https://nette.org/contributors"
                }
            ],
            "description": "Nette Database Component",
            "homepage": "https://nette.org",
            "time": "2016-04-05 22:55:25"
        },
        {
            "name": "nette/di",
            "version": "dev-master",
            "source": {
                "type": "git",
                "url": "https://github.com/nette/di.git",
                "reference": "630a63b5c0e7adf8c6f681e3e957e40a38548067"
            },
            "dist": {
                "type": "zip",
                "url": "https://api.github.com/repos/nette/di/zipball/630a63b5c0e7adf8c6f681e3e957e40a38548067",
                "reference": "630a63b5c0e7adf8c6f681e3e957e40a38548067",
                "shasum": ""
            },
            "require": {
                "nette/neon": "^2.3.3",
                "nette/php-generator": "^2.4",
                "nette/utils": "^2.4",
                "php": ">=5.6.0"
            },
            "conflict": {
                "nette/nette": "<2.2"
            },
            "require-dev": {
                "nette/tester": "^1.6",
                "tracy/tracy": "^2.3"
            },
            "type": "library",
            "extra": {
                "branch-alias": {
                    "dev-master": "2.4-dev"
                }
            },
            "autoload": {
                "classmap": [
                    "src/"
                ]
            },
            "notification-url": "https://packagist.org/downloads/",
            "license": [
                "BSD-3-Clause",
                "GPL-2.0",
                "GPL-3.0"
            ],
            "authors": [
                {
                    "name": "David Grudl",
                    "homepage": "https://davidgrudl.com"
                },
                {
                    "name": "Nette Community",
                    "homepage": "https://nette.org/contributors"
                }
            ],
            "description": "Nette Dependency Injection Component",
            "homepage": "https://nette.org",
            "time": "2016-04-10 11:30:08"
        },
        {
            "name": "nette/finder",
            "version": "dev-master",
            "source": {
                "type": "git",
                "url": "https://github.com/nette/finder.git",
                "reference": "273e17bb8644509a4a3745f47edb70f15f098bce"
            },
            "dist": {
                "type": "zip",
                "url": "https://api.github.com/repos/nette/finder/zipball/273e17bb8644509a4a3745f47edb70f15f098bce",
                "reference": "273e17bb8644509a4a3745f47edb70f15f098bce",
                "shasum": ""
            },
            "require": {
                "nette/utils": "~2.2",
                "php": ">=5.6.0"
            },
            "conflict": {
                "nette/nette": "<2.2"
            },
            "require-dev": {
                "nette/tester": "~1.4",
                "tracy/tracy": "^2.3"
            },
            "type": "library",
            "extra": {
                "branch-alias": {
                    "dev-master": "2.4-dev"
                }
            },
            "autoload": {
                "classmap": [
                    "src/"
                ]
            },
            "notification-url": "https://packagist.org/downloads/",
            "license": [
                "BSD-3-Clause",
                "GPL-2.0",
                "GPL-3.0"
            ],
            "authors": [
                {
                    "name": "David Grudl",
                    "homepage": "https://davidgrudl.com"
                },
                {
                    "name": "Nette Community",
                    "homepage": "https://nette.org/contributors"
                }
            ],
            "description": "Nette Finder: Files Searching",
            "homepage": "https://nette.org",
            "time": "2016-03-15 19:56:25"
        },
        {
            "name": "nette/forms",
            "version": "dev-master",
            "source": {
                "type": "git",
                "url": "https://github.com/nette/forms.git",
                "reference": "fa84d63ba7958b8ee9a436251adb4aeb48e7e236"
            },
            "dist": {
                "type": "zip",
                "url": "https://api.github.com/repos/nette/forms/zipball/fa84d63ba7958b8ee9a436251adb4aeb48e7e236",
                "reference": "fa84d63ba7958b8ee9a436251adb4aeb48e7e236",
                "shasum": ""
            },
            "require": {
                "nette/component-model": "~2.2",
                "nette/http": "~2.2",
                "nette/utils": "~2.2",
                "php": ">=5.6.0"
            },
            "conflict": {
                "nette/nette": "<2.2"
            },
            "require-dev": {
                "latte/latte": "~2.4",
                "nette/di": "~2.3",
                "nette/tester": "~1.3",
                "tracy/tracy": "^2.3"
            },
            "type": "library",
            "extra": {
                "branch-alias": {
                    "dev-master": "2.4-dev"
                }
            },
            "autoload": {
                "classmap": [
                    "src/"
                ]
            },
            "notification-url": "https://packagist.org/downloads/",
            "license": [
                "BSD-3-Clause",
                "GPL-2.0",
                "GPL-3.0"
            ],
            "authors": [
                {
                    "name": "David Grudl",
                    "homepage": "https://davidgrudl.com"
                },
                {
                    "name": "Nette Community",
                    "homepage": "https://nette.org/contributors"
                }
            ],
            "description": "Nette Forms: greatly facilitates web forms",
            "homepage": "https://nette.org",
            "time": "2016-04-01 18:34:18"
        },
        {
            "name": "nette/http",
            "version": "dev-master",
            "source": {
                "type": "git",
                "url": "https://github.com/nette/http.git",
                "reference": "c3a9a202545003b05fcf757dc64d8f2548e78cb1"
            },
            "dist": {
                "type": "zip",
                "url": "https://api.github.com/repos/nette/http/zipball/c3a9a202545003b05fcf757dc64d8f2548e78cb1",
                "reference": "c3a9a202545003b05fcf757dc64d8f2548e78cb1",
                "shasum": ""
            },
            "require": {
                "nette/utils": "^2.2.2",
                "php": ">=5.6.0"
            },
            "conflict": {
                "nette/nette": "<2.2"
            },
            "require-dev": {
                "nette/di": "^2.3",
                "nette/tester": "^1.4",
                "tracy/tracy": "^2.3"
            },
            "suggest": {
                "ext-fileinfo": "to detect type of uploaded files"
            },
            "type": "library",
            "extra": {
                "branch-alias": {
                    "dev-master": "2.4-dev"
                }
            },
            "autoload": {
                "classmap": [
                    "src/"
                ]
            },
            "notification-url": "https://packagist.org/downloads/",
            "license": [
                "BSD-3-Clause",
                "GPL-2.0",
                "GPL-3.0"
            ],
            "authors": [
                {
                    "name": "David Grudl",
                    "homepage": "https://davidgrudl.com"
                },
                {
                    "name": "Nette Community",
                    "homepage": "https://nette.org/contributors"
                }
            ],
            "description": "Nette HTTP Component",
            "homepage": "https://nette.org",
            "time": "2016-03-29 14:11:17"
        },
        {
            "name": "nette/mail",
            "version": "dev-master",
            "source": {
                "type": "git",
                "url": "https://github.com/nette/mail.git",
                "reference": "e53945342a4c765b91a7e3950e554e1c3d702f08"
            },
            "dist": {
                "type": "zip",
                "url": "https://api.github.com/repos/nette/mail/zipball/e53945342a4c765b91a7e3950e554e1c3d702f08",
                "reference": "e53945342a4c765b91a7e3950e554e1c3d702f08",
                "shasum": ""
            },
            "require": {
                "ext-iconv": "*",
                "nette/utils": "~2.2",
                "php": ">=5.6.0"
            },
            "conflict": {
                "nette/nette": "<2.2"
            },
            "require-dev": {
                "nette/di": "~2.3",
                "nette/tester": "~1.3",
                "tracy/tracy": "^2.3"
            },
            "suggest": {
                "ext-fileinfo": "to detect type of attached files"
            },
            "type": "library",
            "extra": {
                "branch-alias": {
                    "dev-master": "2.4-dev"
                }
            },
            "autoload": {
                "classmap": [
                    "src/"
                ]
            },
            "notification-url": "https://packagist.org/downloads/",
            "license": [
                "BSD-3-Clause",
                "GPL-2.0",
                "GPL-3.0"
            ],
            "authors": [
                {
                    "name": "David Grudl",
                    "homepage": "https://davidgrudl.com"
                },
                {
                    "name": "Nette Community",
                    "homepage": "https://nette.org/contributors"
                }
            ],
            "description": "Nette Mail: Sending E-mails",
            "homepage": "https://nette.org",
            "time": "2016-03-15 19:56:26"
        },
        {
            "name": "nette/neon",
            "version": "dev-master",
            "source": {
                "type": "git",
                "url": "https://github.com/nette/neon.git",
                "reference": "a0a5c017cbaa7e70e68802f6e6ab1142b8b9b868"
            },
            "dist": {
                "type": "zip",
                "url": "https://api.github.com/repos/nette/neon/zipball/a0a5c017cbaa7e70e68802f6e6ab1142b8b9b868",
                "reference": "a0a5c017cbaa7e70e68802f6e6ab1142b8b9b868",
                "shasum": ""
            },
            "require": {
                "ext-iconv": "*",
                "php": ">=5.6.0"
            },
            "require-dev": {
                "nette/tester": "~1.4",
                "tracy/tracy": "^2.3"
            },
            "type": "library",
            "extra": {
                "branch-alias": {
                    "dev-master": "2.4-dev"
                }
            },
            "autoload": {
                "classmap": [
                    "src/"
                ]
            },
            "notification-url": "https://packagist.org/downloads/",
            "license": [
                "BSD-3-Clause",
                "GPL-2.0",
                "GPL-3.0"
            ],
            "authors": [
                {
                    "name": "David Grudl",
                    "homepage": "https://davidgrudl.com"
                },
                {
                    "name": "Nette Community",
                    "homepage": "https://nette.org/contributors"
                }
            ],
            "description": "Nette NEON: parser & generator for Nette Object Notation",
            "homepage": "http://ne-on.org",
            "time": "2016-04-01 14:36:33"
        },
        {
            "name": "nette/php-generator",
            "version": "dev-master",
            "source": {
                "type": "git",
                "url": "https://github.com/nette/php-generator.git",
                "reference": "7a59bbedc1266a8f026070f115d3162005cea4b1"
            },
            "dist": {
                "type": "zip",
                "url": "https://api.github.com/repos/nette/php-generator/zipball/7a59bbedc1266a8f026070f115d3162005cea4b1",
                "reference": "7a59bbedc1266a8f026070f115d3162005cea4b1",
                "shasum": ""
            },
            "require": {
                "nette/utils": "~2.2",
                "php": ">=5.6.0"
            },
            "conflict": {
                "nette/nette": "<2.2"
            },
            "require-dev": {
                "nette/tester": "~1.4",
                "tracy/tracy": "^2.3"
            },
            "type": "library",
            "extra": {
                "branch-alias": {
                    "dev-master": "2.4-dev"
                }
            },
            "autoload": {
                "classmap": [
                    "src/"
                ]
            },
            "notification-url": "https://packagist.org/downloads/",
            "license": [
                "BSD-3-Clause",
                "GPL-2.0",
                "GPL-3.0"
            ],
            "authors": [
                {
                    "name": "David Grudl",
                    "homepage": "https://davidgrudl.com"
                },
                {
                    "name": "Nette Community",
                    "homepage": "https://nette.org/contributors"
                }
            ],
            "description": "Nette PHP Generator",
            "homepage": "https://nette.org",
            "time": "2016-03-15 19:56:26"
        },
        {
            "name": "nette/reflection",
            "version": "dev-master",
            "source": {
                "type": "git",
                "url": "https://github.com/nette/reflection.git",
                "reference": "5ac49c038955e0167fcda6895116b62c8b90dcde"
            },
            "dist": {
                "type": "zip",
                "url": "https://api.github.com/repos/nette/reflection/zipball/5ac49c038955e0167fcda6895116b62c8b90dcde",
                "reference": "5ac49c038955e0167fcda6895116b62c8b90dcde",
                "shasum": ""
            },
            "require": {
                "ext-tokenizer": "*",
                "nette/caching": "~2.2",
                "nette/utils": "~2.2",
                "php": ">=5.4.4"
            },
            "conflict": {
                "nette/nette": "<2.2"
            },
            "require-dev": {
                "nette/di": "~2.3",
                "nette/tester": "~1.4",
                "tracy/tracy": "^2.3"
            },
            "type": "library",
            "extra": {
                "branch-alias": {
                    "dev-master": "2.4-dev"
                }
            },
            "autoload": {
                "classmap": [
                    "src/"
                ]
            },
            "notification-url": "https://packagist.org/downloads/",
            "license": [
                "BSD-3-Clause",
                "GPL-2.0",
                "GPL-3.0"
            ],
            "authors": [
                {
                    "name": "David Grudl",
                    "homepage": "https://davidgrudl.com"
                },
                {
                    "name": "Nette Community",
                    "homepage": "https://nette.org/contributors"
                }
            ],
            "description": "Nette PHP Reflection Component",
            "homepage": "https://nette.org",
            "time": "2016-03-15 19:56:26"
        },
        {
            "name": "nette/robot-loader",
            "version": "dev-master",
            "source": {
                "type": "git",
                "url": "https://github.com/nette/robot-loader.git",
                "reference": "39b51b31a74e2692fdc33727707a413d537e907c"
            },
            "dist": {
                "type": "zip",
                "url": "https://api.github.com/repos/nette/robot-loader/zipball/39b51b31a74e2692fdc33727707a413d537e907c",
                "reference": "39b51b31a74e2692fdc33727707a413d537e907c",
                "shasum": ""
            },
            "require": {
                "nette/caching": "~2.2",
                "nette/finder": "~2.3",
                "nette/utils": "~2.2",
                "php": ">=5.6.0"
            },
            "conflict": {
                "nette/nette": "<2.2"
            },
            "require-dev": {
                "nette/tester": "~1.4",
                "tracy/tracy": "^2.3"
            },
            "type": "library",
            "extra": {
                "branch-alias": {
                    "dev-master": "2.4-dev"
                }
            },
            "autoload": {
                "classmap": [
                    "src/"
                ]
            },
            "notification-url": "https://packagist.org/downloads/",
            "license": [
                "BSD-3-Clause",
                "GPL-2.0",
                "GPL-3.0"
            ],
            "authors": [
                {
                    "name": "David Grudl",
                    "homepage": "https://davidgrudl.com"
                },
                {
                    "name": "Nette Community",
                    "homepage": "https://nette.org/contributors"
                }
            ],
            "description": "Nette RobotLoader: comfortable autoloading",
            "homepage": "https://nette.org",
            "time": "2016-03-15 19:56:26"
        },
        {
            "name": "nette/safe-stream",
            "version": "dev-master",
            "source": {
                "type": "git",
                "url": "https://github.com/nette/safe-stream.git",
                "reference": "4b9bb3266a537e59b10a2932f05dca47333420fc"
            },
            "dist": {
                "type": "zip",
                "url": "https://api.github.com/repos/nette/safe-stream/zipball/4b9bb3266a537e59b10a2932f05dca47333420fc",
                "reference": "4b9bb3266a537e59b10a2932f05dca47333420fc",
                "shasum": ""
            },
            "require": {
                "php": ">=5.3.1"
            },
            "conflict": {
                "nette/nette": "<2.2"
            },
            "require-dev": {
                "nette/tester": "~1.0",
                "tracy/tracy": "^2.3"
            },
            "type": "library",
            "extra": {
                "branch-alias": {
                    "dev-master": "2.3-dev"
                }
            },
            "autoload": {
                "files": [
                    "src/loader.php"
                ]
            },
            "notification-url": "https://packagist.org/downloads/",
            "license": [
                "BSD-3-Clause",
                "GPL-2.0",
                "GPL-3.0"
            ],
            "authors": [
                {
                    "name": "David Grudl",
                    "homepage": "https://davidgrudl.com"
                },
                {
                    "name": "Nette Community",
                    "homepage": "https://nette.org/contributors"
                }
            ],
            "description": "Nette SafeStream: Atomic Operations",
            "homepage": "https://nette.org",
            "time": "2016-03-19 13:06:04"
        },
        {
            "name": "nette/security",
            "version": "dev-master",
            "source": {
                "type": "git",
                "url": "https://github.com/nette/security.git",
                "reference": "e86e8e4564c235ac27a7ac5c0e913e3a9b662949"
            },
            "dist": {
                "type": "zip",
                "url": "https://api.github.com/repos/nette/security/zipball/e86e8e4564c235ac27a7ac5c0e913e3a9b662949",
                "reference": "e86e8e4564c235ac27a7ac5c0e913e3a9b662949",
                "shasum": ""
            },
            "require": {
                "nette/utils": "~2.2",
                "php": ">=5.6.0"
            },
            "conflict": {
                "nette/nette": "<2.2"
            },
            "require-dev": {
                "nette/di": "~2.3",
                "nette/http": "~2.3",
                "nette/tester": "~1.4",
                "tracy/tracy": "^2.3"
            },
            "type": "library",
            "extra": {
                "branch-alias": {
                    "dev-master": "2.4-dev"
                }
            },
            "autoload": {
                "classmap": [
                    "src/"
                ]
            },
            "notification-url": "https://packagist.org/downloads/",
            "license": [
                "BSD-3-Clause",
                "GPL-2.0",
                "GPL-3.0"
            ],
            "authors": [
                {
                    "name": "David Grudl",
                    "homepage": "https://davidgrudl.com"
                },
                {
                    "name": "Nette Community",
                    "homepage": "https://nette.org/contributors"
                }
            ],
            "description": "Nette Security: Access Control Component",
            "homepage": "https://nette.org",
            "time": "2016-03-15 19:56:27"
        },
        {
            "name": "nette/utils",
            "version": "dev-master",
            "source": {
                "type": "git",
                "url": "https://github.com/nette/utils.git",
                "reference": "cf3bb5e487e57776103828d6b5ad2a446fcdf17d"
            },
            "dist": {
                "type": "zip",
                "url": "https://api.github.com/repos/nette/utils/zipball/cf3bb5e487e57776103828d6b5ad2a446fcdf17d",
                "reference": "cf3bb5e487e57776103828d6b5ad2a446fcdf17d",
                "shasum": ""
            },
            "require": {
                "php": ">=5.6.0"
            },
            "conflict": {
                "nette/nette": "<2.2"
            },
            "require-dev": {
                "nette/tester": "~1.0",
                "tracy/tracy": "^2.3"
            },
            "suggest": {
                "ext-gd": "to use Image",
                "ext-iconv": "to use Strings::webalize() and toAscii()",
                "ext-intl": "for script transliteration in Strings::webalize() and toAscii()",
                "ext-mbstring": "to use Strings::lower() etc..."
            },
            "type": "library",
            "extra": {
                "branch-alias": {
                    "dev-master": "2.4-dev"
                }
            },
            "autoload": {
                "classmap": [
                    "src/"
                ]
            },
            "notification-url": "https://packagist.org/downloads/",
            "license": [
                "BSD-3-Clause",
                "GPL-2.0",
                "GPL-3.0"
            ],
            "authors": [
                {
                    "name": "David Grudl",
                    "homepage": "https://davidgrudl.com"
                },
                {
                    "name": "Nette Community",
                    "homepage": "https://nette.org/contributors"
                }
            ],
            "description": "Nette Utility Classes",
            "homepage": "https://nette.org",
            "time": "2016-04-01 20:08:37"
        },
        {
            "name": "tracy/tracy",
            "version": "dev-master",
            "source": {
                "type": "git",
                "url": "https://github.com/nette/tracy.git",
                "reference": "c13bf29f8205be9854d671fb35ea7a8dbc00e2ee"
            },
            "dist": {
                "type": "zip",
                "url": "https://api.github.com/repos/nette/tracy/zipball/c13bf29f8205be9854d671fb35ea7a8dbc00e2ee",
                "reference": "c13bf29f8205be9854d671fb35ea7a8dbc00e2ee",
                "shasum": ""
            },
            "require": {
                "php": ">=5.4.4"
            },
            "require-dev": {
                "nette/di": "~2.3",
                "nette/tester": "~1.3"
            },
            "type": "library",
            "extra": {
                "branch-alias": {
                    "dev-master": "2.4-dev"
                }
            },
            "autoload": {
                "classmap": [
                    "src"
                ],
                "files": [
                    "src/shortcuts.php"
                ]
            },
            "notification-url": "https://packagist.org/downloads/",
            "license": [
                "BSD-3-Clause",
                "GPL-2.0",
                "GPL-3.0"
            ],
            "authors": [
                {
                    "name": "David Grudl",
                    "homepage": "https://davidgrudl.com"
                },
                {
                    "name": "Nette Community",
                    "homepage": "https://nette.org/contributors"
                }
            ],
            "description": "Tracy: useful PHP debugger",
            "homepage": "https://tracy.nette.org",
            "keywords": [
                "debug",
                "debugger",
                "nette"
            ],
            "time": "2016-04-01 14:55:47"
        }
    ],
    "packages-dev": [
        {
            "name": "nette/tester",
            "version": "v1.7.1",
            "source": {
                "type": "git",
                "url": "https://github.com/nette/tester.git",
                "reference": "d97534578e8cf66eabe081e7d5eaa4dd527ab0c8"
            },
            "dist": {
                "type": "zip",
                "url": "https://api.github.com/repos/nette/tester/zipball/d97534578e8cf66eabe081e7d5eaa4dd527ab0c8",
                "reference": "d97534578e8cf66eabe081e7d5eaa4dd527ab0c8",
                "shasum": ""
            },
            "require": {
                "php": ">=5.3.0"
            },
            "bin": [
                "src/tester"
            ],
            "type": "library",
            "extra": {
                "branch-alias": {
                    "dev-master": "1.7-dev"
                }
            },
            "autoload": {
                "classmap": [
                    "src/"
                ]
            },
            "notification-url": "https://packagist.org/downloads/",
            "license": [
                "BSD-3-Clause",
                "GPL-2.0",
                "GPL-3.0"
            ],
            "authors": [
                {
                    "name": "David Grudl",
                    "homepage": "https://davidgrudl.com"
                },
                {
                    "name": "Nette Community",
                    "homepage": "https://nette.org/contributors"
                }
            ],
            "description": "An easy-to-use PHP unit testing framework.",
            "homepage": "https://tester.nette.org",
            "keywords": [
                "nette",
                "testing",
                "unit"
            ],
            "time": "2016-03-19 14:34:02"
        }
    ],
    "aliases": [],
    "minimum-stability": "dev",
    "stability-flags": [],
    "prefer-stable": false,
    "prefer-lowest": false,
    "platform": {
        "php": ">=5.4.0"
    },
    "platform-dev": []
}
