// !$*UTF8*$!
{
	archiveVersion = 1;
	classes = {
	};
	objectVersion = 46;
	objects = {

/* Begin PBXBuildFile section */
		621EEE280311EEA196408C67 /* Pods_Palm_Oil.framework in Frameworks */ = {isa = PBXBuildFile; fileRef = C68E370DBA43C3E36F638080 /* Pods_Palm_Oil.framework */; };
		7B269D191C4CE752002E0B37 /* InfoViewController.swift in Sources */ = {isa = PBXBuildFile; fileRef = 7B269D181C4CE752002E0B37 /* InfoViewController.swift */; };
		7B269D1B1C4CEDAF002E0B37 /* InfoStoryboardSegue.swift in Sources */ = {isa = PBXBuildFile; fileRef = 7B269D1A1C4CEDAF002E0B37 /* InfoStoryboardSegue.swift */; };
		7B3669621C4E3C25007D5740 /* ShadowView.swift in Sources */ = {isa = PBXBuildFile; fileRef = 7B3669611C4E3C25007D5740 /* ShadowView.swift */; };
		7B427B4A1AEA8FB9006E8AD6 /* PalmOilLogoView.swift in Sources */ = {isa = PBXBuildFile; fileRef = 7B427B491AEA8FB9006E8AD6 /* PalmOilLogoView.swift */; };
		7B7D1E8A1C4CEE9C00D7BEBA /* InfoPresentationController.swift in Sources */ = {isa = PBXBuildFile; fileRef = 7B7D1E891C4CEE9C00D7BEBA /* InfoPresentationController.swift */; };
		7B7D1E8C1C4CF70B00D7BEBA /* home.html in Resources */ = {isa = PBXBuildFile; fileRef = 7B7D1E8B1C4CF70B00D7BEBA /* home.html */; };
		7B7D1E901C4CFF6300D7BEBA /* lestari.png in Resources */ = {isa = PBXBuildFile; fileRef = 7B7D1E8F1C4CFF6300D7BEBA /* lestari.png */; };
		7B7D1E921C4D189C00D7BEBA /* heureka.png in Resources */ = {isa = PBXBuildFile; fileRef = 7B7D1E911C4D189C00D7BEBA /* heureka.png */; };
		7B7D1E951C4D26CB00D7BEBA /* InfoPlist.strings in Resources */ = {isa = PBXBuildFile; fileRef = 7B7D1E971C4D26CB00D7BEBA /* InfoPlist.strings */; };
		7B81BC161AD96323006F1CB7 /* AppDelegate.swift in Sources */ = {isa = PBXBuildFile; fileRef = 7B81BC151AD96323006F1CB7 /* AppDelegate.swift */; };
		7B81BC181AD96323006F1CB7 /* ViewController.swift in Sources */ = {isa = PBXBuildFile; fileRef = 7B81BC171AD96323006F1CB7 /* ViewController.swift */; };
		7B81BC1B1AD96323006F1CB7 /* Main.storyboard in Resources */ = {isa = PBXBuildFile; fileRef = 7B81BC191AD96323006F1CB7 /* Main.storyboard */; };
		7B81BC1D1AD96323006F1CB7 /* Images.xcassets in Resources */ = {isa = PBXBuildFile; fileRef = 7B81BC1C1AD96323006F1CB7 /* Images.xcassets */; };
		7B81BC201AD96323006F1CB7 /* LaunchScreen.xib in Resources */ = {isa = PBXBuildFile; fileRef = 7B81BC1E1AD96323006F1CB7 /* LaunchScreen.xib */; };
		7B81BC2C1AD96323006F1CB7 /* Palm_Oil_SpyTests.swift in Sources */ = {isa = PBXBuildFile; fileRef = 7B81BC2B1AD96323006F1CB7 /* Palm_Oil_SpyTests.swift */; };
		7B8AD1691C4BA2370051F015 /* Sounds.swift in Sources */ = {isa = PBXBuildFile; fileRef = 7B8AD1681C4BA2370051F015 /* Sounds.swift */; };
		7B8AD16D1C4BA7FF0051F015 /* bad.wav in Resources */ = {isa = PBXBuildFile; fileRef = 7B8AD16B1C4BA7FF0051F015 /* bad.wav */; };
		7B8AD16E1C4BA7FF0051F015 /* good.wav in Resources */ = {isa = PBXBuildFile; fileRef = 7B8AD16C1C4BA7FF0051F015 /* good.wav */; };
		7B8AD1701C4CBE3D0051F015 /* Settings.swift in Sources */ = {isa = PBXBuildFile; fileRef = 7B8AD16F1C4CBE3D0051F015 /* Settings.swift */; };
		7B8AD1721C4CC00F0051F015 /* ViewController+Hacks.swift in Sources */ = {isa = PBXBuildFile; fileRef = 7B8AD1711C4CC00F0051F015 /* ViewController+Hacks.swift */; };
		7B8AD1741C4CC0E90051F015 /* Flashlight.swift in Sources */ = {isa = PBXBuildFile; fileRef = 7B8AD1731C4CC0E90051F015 /* Flashlight.swift */; };
		7BA1D96F1ADA732600CFF373 /* ApiConnector.swift in Sources */ = {isa = PBXBuildFile; fileRef = 7BA1D96E1ADA732600CFF373 /* ApiConnector.swift */; };
		7BD5D69D1AD971FA00627117 /* CoreGraphics.framework in Frameworks */ = {isa = PBXBuildFile; fileRef = 7BD5D69C1AD971FA00627117 /* CoreGraphics.framework */; };
		7BD5D69F1AD971FF00627117 /* AVFoundation.framework in Frameworks */ = {isa = PBXBuildFile; fileRef = 7BD5D69E1AD971FF00627117 /* AVFoundation.framework */; };
		7BD5D6A11AD9722700627117 /* Foundation.framework in Frameworks */ = {isa = PBXBuildFile; fileRef = 7BD5D6A01AD9722700627117 /* Foundation.framework */; };
		7BD5D6A31AD9722D00627117 /* UIKit.framework in Frameworks */ = {isa = PBXBuildFile; fileRef = 7BD5D6A21AD9722D00627117 /* UIKit.framework */; };
		7BD5D6A51AD97B6400627117 /* PalmOilGlyphs.swift in Sources */ = {isa = PBXBuildFile; fileRef = 7BD5D6A41AD97B6400627117 /* PalmOilGlyphs.swift */; };
		7BD5D6A81AD97B8300627117 /* BarCodeView.swift in Sources */ = {isa = PBXBuildFile; fileRef = 7BD5D6A71AD97B8300627117 /* BarCodeView.swift */; };
		7BDC61791ADA627900D2E23F /* ResultView.swift in Sources */ = {isa = PBXBuildFile; fileRef = 7BDC61781ADA627900D2E23F /* ResultView.swift */; };
/* End PBXBuildFile section */

/* Begin PBXContainerItemProxy section */
		7B81BC261AD96323006F1CB7 /* PBXContainerItemProxy */ = {
			isa = PBXContainerItemProxy;
			containerPortal = 7B81BC081AD96323006F1CB7 /* Project object */;
			proxyType = 1;
			remoteGlobalIDString = 7B81BC0F1AD96323006F1CB7;
			remoteInfo = "Palm Oil Spy";
		};
/* End PBXContainerItemProxy section */

/* Begin PBXFileReference section */
		7B269D181C4CE752002E0B37 /* InfoViewController.swift */ = {isa = PBXFileReference; fileEncoding = 4; lastKnownFileType = sourcecode.swift; path = InfoViewController.swift; sourceTree = "<group>"; };
		7B269D1A1C4CEDAF002E0B37 /* InfoStoryboardSegue.swift */ = {isa = PBXFileReference; fileEncoding = 4; lastKnownFileType = sourcecode.swift; path = InfoStoryboardSegue.swift; sourceTree = "<group>"; };
		7B3669611C4E3C25007D5740 /* ShadowView.swift */ = {isa = PBXFileReference; fileEncoding = 4; lastKnownFileType = sourcecode.swift; path = ShadowView.swift; sourceTree = "<group>"; };
		7B427B491AEA8FB9006E8AD6 /* PalmOilLogoView.swift */ = {isa = PBXFileReference; fileEncoding = 4; lastKnownFileType = sourcecode.swift; path = PalmOilLogoView.swift; sourceTree = "<group>"; };
		7B7D1E891C4CEE9C00D7BEBA /* InfoPresentationController.swift */ = {isa = PBXFileReference; fileEncoding = 4; lastKnownFileType = sourcecode.swift; path = InfoPresentationController.swift; sourceTree = "<group>"; };
		7B7D1E8B1C4CF70B00D7BEBA /* home.html */ = {isa = PBXFileReference; fileEncoding = 4; lastKnownFileType = text.html; path = home.html; sourceTree = "<group>"; };
		7B7D1E8F1C4CFF6300D7BEBA /* lestari.png */ = {isa = PBXFileReference; lastKnownFileType = image.png; path = lestari.png; sourceTree = "<group>"; };
		7B7D1E911C4D189C00D7BEBA /* heureka.png */ = {isa = PBXFileReference; lastKnownFileType = image.png; path = heureka.png; sourceTree = "<group>"; };
		7B7D1E961C4D26CB00D7BEBA /* Base */ = {isa = PBXFileReference; lastKnownFileType = text.plist.strings; name = Base; path = Base.lproj/InfoPlist.strings; sourceTree = "<group>"; };
		7B7D1E981C4D26CE00D7BEBA /* cs */ = {isa = PBXFileReference; lastKnownFileType = text.plist.strings; name = cs; path = cs.lproj/InfoPlist.strings; sourceTree = "<group>"; };
		7B81BC101AD96323006F1CB7 /* Palm Oil.app */ = {isa = PBXFileReference; explicitFileType = wrapper.application; includeInIndex = 0; path = "Palm Oil.app"; sourceTree = BUILT_PRODUCTS_DIR; };
		7B81BC141AD96323006F1CB7 /* Info.plist */ = {isa = PBXFileReference; lastKnownFileType = text.plist.xml; path = Info.plist; sourceTree = "<group>"; };
		7B81BC151AD96323006F1CB7 /* AppDelegate.swift */ = {isa = PBXFileReference; lastKnownFileType = sourcecode.swift; path = AppDelegate.swift; sourceTree = "<group>"; };
		7B81BC171AD96323006F1CB7 /* ViewController.swift */ = {isa = PBXFileReference; lastKnownFileType = sourcecode.swift; path = ViewController.swift; sourceTree = "<group>"; };
		7B81BC1A1AD96323006F1CB7 /* Base */ = {isa = PBXFileReference; lastKnownFileType = file.storyboard; name = Base; path = Base.lproj/Main.storyboard; sourceTree = "<group>"; };
		7B81BC1C1AD96323006F1CB7 /* Images.xcassets */ = {isa = PBXFileReference; lastKnownFileType = folder.assetcatalog; path = Images.xcassets; sourceTree = "<group>"; };
		7B81BC1F1AD96323006F1CB7 /* Base */ = {isa = PBXFileReference; lastKnownFileType = file.xib; name = Base; path = Base.lproj/LaunchScreen.xib; sourceTree = "<group>"; };
		7B81BC251AD96323006F1CB7 /* Palm OilTests.xctest */ = {isa = PBXFileReference; explicitFileType = wrapper.cfbundle; includeInIndex = 0; path = "Palm OilTests.xctest"; sourceTree = BUILT_PRODUCTS_DIR; };
		7B81BC2A1AD96323006F1CB7 /* Info.plist */ = {isa = PBXFileReference; lastKnownFileType = text.plist.xml; path = Info.plist; sourceTree = "<group>"; };
		7B81BC2B1AD96323006F1CB7 /* Palm_Oil_SpyTests.swift */ = {isa = PBXFileReference; lastKnownFileType = sourcecode.swift; path = Palm_Oil_SpyTests.swift; sourceTree = "<group>"; };
		7B8AD1681C4BA2370051F015 /* Sounds.swift */ = {isa = PBXFileReference; fileEncoding = 4; lastKnownFileType = sourcecode.swift; name = Sounds.swift; path = model/Sounds.swift; sourceTree = "<group>"; };
		7B8AD16B1C4BA7FF0051F015 /* bad.wav */ = {isa = PBXFileReference; lastKnownFileType = audio.wav; path = bad.wav; sourceTree = "<group>"; };
		7B8AD16C1C4BA7FF0051F015 /* good.wav */ = {isa = PBXFileReference; lastKnownFileType = audio.wav; path = good.wav; sourceTree = "<group>"; };
		7B8AD16F1C4CBE3D0051F015 /* Settings.swift */ = {isa = PBXFileReference; fileEncoding = 4; lastKnownFileType = sourcecode.swift; name = Settings.swift; path = model/Settings.swift; sourceTree = "<group>"; };
		7B8AD1711C4CC00F0051F015 /* ViewController+Hacks.swift */ = {isa = PBXFileReference; fileEncoding = 4; lastKnownFileType = sourcecode.swift; path = "ViewController+Hacks.swift"; sourceTree = "<group>"; };
		7B8AD1731C4CC0E90051F015 /* Flashlight.swift */ = {isa = PBXFileReference; fileEncoding = 4; lastKnownFileType = sourcecode.swift; name = Flashlight.swift; path = model/Flashlight.swift; sourceTree = "<group>"; };
		7B8AD1751C4CDF0E0051F015 /* cs */ = {isa = PBXFileReference; lastKnownFileType = text.plist.strings; name = cs; path = cs.lproj/Main.strings; sourceTree = "<group>"; };
		7B8AD1761C4CDF0E0051F015 /* cs */ = {isa = PBXFileReference; lastKnownFileType = text.plist.strings; name = cs; path = cs.lproj/LaunchScreen.strings; sourceTree = "<group>"; };
		7BA1D96E1ADA732600CFF373 /* ApiConnector.swift */ = {isa = PBXFileReference; fileEncoding = 4; lastKnownFileType = sourcecode.swift; path = ApiConnector.swift; sourceTree = "<group>"; };
		7BD5D69C1AD971FA00627117 /* CoreGraphics.framework */ = {isa = PBXFileReference; lastKnownFileType = wrapper.framework; name = CoreGraphics.framework; path = System/Library/Frameworks/CoreGraphics.framework; sourceTree = SDKROOT; };
		7BD5D69E1AD971FF00627117 /* AVFoundation.framework */ = {isa = PBXFileReference; lastKnownFileType = wrapper.framework; name = AVFoundation.framework; path = System/Library/Frameworks/AVFoundation.framework; sourceTree = SDKROOT; };
		7BD5D6A01AD9722700627117 /* Foundation.framework */ = {isa = PBXFileReference; lastKnownFileType = wrapper.framework; name = Foundation.framework; path = System/Library/Frameworks/Foundation.framework; sourceTree = SDKROOT; };
		7BD5D6A21AD9722D00627117 /* UIKit.framework */ = {isa = PBXFileReference; lastKnownFileType = wrapper.framework; name = UIKit.framework; path = System/Library/Frameworks/UIKit.framework; sourceTree = SDKROOT; };
		7BD5D6A41AD97B6400627117 /* PalmOilGlyphs.swift */ = {isa = PBXFileReference; fileEncoding = 4; lastKnownFileType = sourcecode.swift; path = PalmOilGlyphs.swift; sourceTree = "<group>"; };
		7BD5D6A71AD97B8300627117 /* BarCodeView.swift */ = {isa = PBXFileReference; fileEncoding = 4; lastKnownFileType = sourcecode.swift; path = BarCodeView.swift; sourceTree = "<group>"; };
		7BDC61781ADA627900D2E23F /* ResultView.swift */ = {isa = PBXFileReference; fileEncoding = 4; lastKnownFileType = sourcecode.swift; path = ResultView.swift; sourceTree = "<group>"; };
		80173F398C1A3932A77DB8DD /* Pods-Palm Oil.debug.xcconfig */ = {isa = PBXFileReference; includeInIndex = 1; lastKnownFileType = text.xcconfig; name = "Pods-Palm Oil.debug.xcconfig"; path = "Pods/Target Support Files/Pods-Palm Oil/Pods-Palm Oil.debug.xcconfig"; sourceTree = "<group>"; };
		C68E370DBA43C3E36F638080 /* Pods_Palm_Oil.framework */ = {isa = PBXFileReference; explicitFileType = wrapper.framework; includeInIndex = 0; path = Pods_Palm_Oil.framework; sourceTree = BUILT_PRODUCTS_DIR; };
		F737899666C6419F1B035ACF /* Pods-Palm Oil.release.xcconfig */ = {isa = PBXFileReference; includeInIndex = 1; lastKnownFileType = text.xcconfig; name = "Pods-Palm Oil.release.xcconfig"; path = "Pods/Target Support Files/Pods-Palm Oil/Pods-Palm Oil.release.xcconfig"; sourceTree = "<group>"; };
/* End PBXFileReference section */

/* Begin PBXFrameworksBuildPhase section */
		7B81BC0D1AD96323006F1CB7 /* Frameworks */ = {
			isa = PBXFrameworksBuildPhase;
			buildActionMask = 2147483647;
			files = (
				7BD5D6A31AD9722D00627117 /* UIKit.framework in Frameworks */,
				7BD5D6A11AD9722700627117 /* Foundation.framework in Frameworks */,
				7BD5D69F1AD971FF00627117 /* AVFoundation.framework in Frameworks */,
				7BD5D69D1AD971FA00627117 /* CoreGraphics.framework in Frameworks */,
				621EEE280311EEA196408C67 /* Pods_Palm_Oil.framework in Frameworks */,
			);
			runOnlyForDeploymentPostprocessing = 0;
		};
		7B81BC221AD96323006F1CB7 /* Frameworks */ = {
			isa = PBXFrameworksBuildPhase;
			buildActionMask = 2147483647;
			files = (
			);
			runOnlyForDeploymentPostprocessing = 0;
		};
/* End PBXFrameworksBuildPhase section */

/* Begin PBXGroup section */
		014FC0125E431F7743FAAB3C /* Frameworks */ = {
			isa = PBXGroup;
			children = (
				7BD5D6A21AD9722D00627117 /* UIKit.framework */,
				7BD5D6A01AD9722700627117 /* Foundation.framework */,
				7BD5D69E1AD971FF00627117 /* AVFoundation.framework */,
				7BD5D69C1AD971FA00627117 /* CoreGraphics.framework */,
				C68E370DBA43C3E36F638080 /* Pods_Palm_Oil.framework */,
			);
			name = Frameworks;
			sourceTree = "<group>";
		};
		0D4B180F400E068D43902A0D /* Pods */ = {
			isa = PBXGroup;
			children = (
				80173F398C1A3932A77DB8DD /* Pods-Palm Oil.debug.xcconfig */,
				F737899666C6419F1B035ACF /* Pods-Palm Oil.release.xcconfig */,
			);
			name = Pods;
			sourceTree = "<group>";
		};
		7B81BC071AD96323006F1CB7 = {
			isa = PBXGroup;
			children = (
				7B81BC121AD96323006F1CB7 /* Palm Oil Spy */,
				7B81BC281AD96323006F1CB7 /* Palm Oil SpyTests */,
				7B81BC111AD96323006F1CB7 /* Products */,
				0D4B180F400E068D43902A0D /* Pods */,
				014FC0125E431F7743FAAB3C /* Frameworks */,
			);
			sourceTree = "<group>";
		};
		7B81BC111AD96323006F1CB7 /* Products */ = {
			isa = PBXGroup;
			children = (
				7B81BC101AD96323006F1CB7 /* Palm Oil.app */,
				7B81BC251AD96323006F1CB7 /* Palm OilTests.xctest */,
			);
			name = Products;
			sourceTree = "<group>";
		};
		7B81BC121AD96323006F1CB7 /* Palm Oil Spy */ = {
			isa = PBXGroup;
			children = (
				7B8AD16A1C4BA7E80051F015 /* Data */,
				7BA1D96D1ADA731500CFF373 /* Models */,
				7BD5D6A91AD97EFD00627117 /* Controllers */,
				7BD5D6A61AD97B6900627117 /* Views */,
				7B81BC151AD96323006F1CB7 /* AppDelegate.swift */,
				7B81BC191AD96323006F1CB7 /* Main.storyboard */,
				7B81BC1C1AD96323006F1CB7 /* Images.xcassets */,
				7B81BC1E1AD96323006F1CB7 /* LaunchScreen.xib */,
				7B81BC131AD96323006F1CB7 /* Supporting Files */,
			);
			path = "Palm Oil Spy";
			sourceTree = "<group>";
		};
		7B81BC131AD96323006F1CB7 /* Supporting Files */ = {
			isa = PBXGroup;
			children = (
				7B81BC141AD96323006F1CB7 /* Info.plist */,
				7B7D1E971C4D26CB00D7BEBA /* InfoPlist.strings */,
			);
			name = "Supporting Files";
			sourceTree = "<group>";
		};
		7B81BC281AD96323006F1CB7 /* Palm Oil SpyTests */ = {
			isa = PBXGroup;
			children = (
				7B81BC2B1AD96323006F1CB7 /* Palm_Oil_SpyTests.swift */,
				7B81BC291AD96323006F1CB7 /* Supporting Files */,
			);
			path = "Palm Oil SpyTests";
			sourceTree = "<group>";
		};
		7B81BC291AD96323006F1CB7 /* Supporting Files */ = {
			isa = PBXGroup;
			children = (
				7B81BC2A1AD96323006F1CB7 /* Info.plist */,
			);
			name = "Supporting Files";
			sourceTree = "<group>";
		};
		7B8AD16A1C4BA7E80051F015 /* Data */ = {
			isa = PBXGroup;
			children = (
				7B7D1E8F1C4CFF6300D7BEBA /* lestari.png */,
				7B8AD16B1C4BA7FF0051F015 /* bad.wav */,
				7B8AD16C1C4BA7FF0051F015 /* good.wav */,
				7B7D1E911C4D189C00D7BEBA /* heureka.png */,
				7B7D1E8B1C4CF70B00D7BEBA /* home.html */,
			);
			name = Data;
			sourceTree = "<group>";
		};
		7BA1D96D1ADA731500CFF373 /* Models */ = {
			isa = PBXGroup;
			children = (
				7BA1D96E1ADA732600CFF373 /* ApiConnector.swift */,
				7B8AD1681C4BA2370051F015 /* Sounds.swift */,
				7B8AD16F1C4CBE3D0051F015 /* Settings.swift */,
				7B8AD1731C4CC0E90051F015 /* Flashlight.swift */,
			);
			name = Models;
			sourceTree = "<group>";
		};
		7BD5D6A61AD97B6900627117 /* Views */ = {
			isa = PBXGroup;
			children = (
				7BD5D6A41AD97B6400627117 /* PalmOilGlyphs.swift */,
				7BD5D6A71AD97B8300627117 /* BarCodeView.swift */,
				7BDC61781ADA627900D2E23F /* ResultView.swift */,
				7B427B491AEA8FB9006E8AD6 /* PalmOilLogoView.swift */,
				7B269D1A1C4CEDAF002E0B37 /* InfoStoryboardSegue.swift */,
				7B7D1E891C4CEE9C00D7BEBA /* InfoPresentationController.swift */,
				7B3669611C4E3C25007D5740 /* ShadowView.swift */,
			);
			name = Views;
			sourceTree = "<group>";
		};
		7BD5D6A91AD97EFD00627117 /* Controllers */ = {
			isa = PBXGroup;
			children = (
				7B81BC171AD96323006F1CB7 /* ViewController.swift */,
				7B8AD1711C4CC00F0051F015 /* ViewController+Hacks.swift */,
				7B269D181C4CE752002E0B37 /* InfoViewController.swift */,
			);
			name = Controllers;
			sourceTree = "<group>";
		};
/* End PBXGroup section */

/* Begin PBXNativeTarget section */
		7B81BC0F1AD96323006F1CB7 /* Palm Oil */ = {
			isa = PBXNativeTarget;
			buildConfigurationList = 7B81BC2F1AD96323006F1CB7 /* Build configuration list for PBXNativeTarget "Palm Oil" */;
			buildPhases = (
				E9926CE8B7508D85475FB3B8 /* Check Pods Manifest.lock */,
				7B81BC0C1AD96323006F1CB7 /* Sources */,
				7B81BC0D1AD96323006F1CB7 /* Frameworks */,
				7B81BC0E1AD96323006F1CB7 /* Resources */,
				EA132CC3E710241DDF16F15D /* Embed Pods Frameworks */,
				644BEE1CC655E0651135643A /* Copy Pods Resources */,
				7BC36A471C03D80C003AB866 /* ShellScript */,
			);
			buildRules = (
			);
			dependencies = (
			);
			name = "Palm Oil";
			productName = "Palm Oil Spy";
			productReference = 7B81BC101AD96323006F1CB7 /* Palm Oil.app */;
			productType = "com.apple.product-type.application";
		};
		7B81BC241AD96323006F1CB7 /* Palm OilTests */ = {
			isa = PBXNativeTarget;
			buildConfigurationList = 7B81BC321AD96323006F1CB7 /* Build configuration list for PBXNativeTarget "Palm OilTests" */;
			buildPhases = (
				7B81BC211AD96323006F1CB7 /* Sources */,
				7B81BC221AD96323006F1CB7 /* Frameworks */,
				7B81BC231AD96323006F1CB7 /* Resources */,
			);
			buildRules = (
			);
			dependencies = (
				7B81BC271AD96323006F1CB7 /* PBXTargetDependency */,
			);
			name = "Palm OilTests";
			productName = "Palm Oil SpyTests";
			productReference = 7B81BC251AD96323006F1CB7 /* Palm OilTests.xctest */;
			productType = "com.apple.product-type.bundle.unit-test";
		};
/* End PBXNativeTarget section */

/* Begin PBXProject section */
		7B81BC081AD96323006F1CB7 /* Project object */ = {
			isa = PBXProject;
			attributes = {
				LastSwiftMigration = 0710;
				LastSwiftUpdateCheck = 0710;
				LastUpgradeCheck = 0710;
				ORGANIZATIONNAME = GDGSCL;
				TargetAttributes = {
					7B81BC0F1AD96323006F1CB7 = {
						CreatedOnToolsVersion = 6.3;
						DevelopmentTeam = K22PG947W8;
					};
					7B81BC241AD96323006F1CB7 = {
						CreatedOnToolsVersion = 6.3;
						TestTargetID = 7B81BC0F1AD96323006F1CB7;
					};
				};
			};
			buildConfigurationList = 7B81BC0B1AD96323006F1CB7 /* Build configuration list for PBXProject "Palm Oil Spy" */;
			compatibilityVersion = "Xcode 3.2";
			developmentRegion = English;
			hasScannedForEncodings = 0;
			knownRegions = (
				en,
				Base,
				cs,
			);
			mainGroup = 7B81BC071AD96323006F1CB7;
			productRefGroup = 7B81BC111AD96323006F1CB7 /* Products */;
			projectDirPath = "";
			projectRoot = "";
			targets = (
				7B81BC0F1AD96323006F1CB7 /* Palm Oil */,
				7B81BC241AD96323006F1CB7 /* Palm OilTests */,
			);
		};
/* End PBXProject section */

/* Begin PBXResourcesBuildPhase section */
		7B81BC0E1AD96323006F1CB7 /* Resources */ = {
			isa = PBXResourcesBuildPhase;
			buildActionMask = 2147483647;
			files = (
				7B8AD16E1C4BA7FF0051F015 /* good.wav in Resources */,
				7B7D1E8C1C4CF70B00D7BEBA /* home.html in Resources */,
				7B7D1E901C4CFF6300D7BEBA /* lestari.png in Resources */,
				7B7D1E921C4D189C00D7BEBA /* heureka.png in Resources */,
				7B81BC1B1AD96323006F1CB7 /* Main.storyboard in Resources */,
				7B81BC201AD96323006F1CB7 /* LaunchScreen.xib in Resources */,
				7B8AD16D1C4BA7FF0051F015 /* bad.wav in Resources */,
				7B7D1E951C4D26CB00D7BEBA /* InfoPlist.strings in Resources */,
				7B81BC1D1AD96323006F1CB7 /* Images.xcassets in Resources */,
			);
			runOnlyForDeploymentPostprocessing = 0;
		};
		7B81BC231AD96323006F1CB7 /* Resources */ = {
			isa = PBXResourcesBuildPhase;
			buildActionMask = 2147483647;
			files = (
			);
			runOnlyForDeploymentPostprocessing = 0;
		};
/* End PBXResourcesBuildPhase section */

/* Begin PBXShellScriptBuildPhase section */
		644BEE1CC655E0651135643A /* Copy Pods Resources */ = {
			isa = PBXShellScriptBuildPhase;
			buildActionMask = 2147483647;
			files = (
			);
			inputPaths = (
			);
			name = "Copy Pods Resources";
			outputPaths = (
			);
			runOnlyForDeploymentPostprocessing = 0;
			shellPath = /bin/sh;
			shellScript = "\"${SRCROOT}/Pods/Target Support Files/Pods-Palm Oil/Pods-Palm Oil-resources.sh\"\n";
			showEnvVarsInLog = 0;
		};
		7BC36A471C03D80C003AB866 /* ShellScript */ = {
			isa = PBXShellScriptBuildPhase;
			buildActionMask = 2147483647;
			files = (
			);
			inputPaths = (
			);
			outputPaths = (
			);
			runOnlyForDeploymentPostprocessing = 0;
			shellPath = /bin/sh;
			shellScript = "\"${PODS_ROOT}/Fabric/run\" 73a6654e62ea44dd6a6d80bde1f7b5e87ce0e0a5 1d610f2e18d16973ecff47efd2c760b37e4942e2cb4f96a1e2afe9695bdab9b6";
		};
		E9926CE8B7508D85475FB3B8 /* Check Pods Manifest.lock */ = {
			isa = PBXShellScriptBuildPhase;
			buildActionMask = 2147483647;
			files = (
			);
			inputPaths = (
			);
			name = "Check Pods Manifest.lock";
			outputPaths = (
			);
			runOnlyForDeploymentPostprocessing = 0;
			shellPath = /bin/sh;
			shellScript = "diff \"${PODS_ROOT}/../Podfile.lock\" \"${PODS_ROOT}/Manifest.lock\" > /dev/null\nif [[ $? != 0 ]] ; then\n    cat << EOM\nerror: The sandbox is not in sync with the Podfile.lock. Run 'pod install' or update your CocoaPods installation.\nEOM\n    exit 1\nfi\n";
			showEnvVarsInLog = 0;
		};
		EA132CC3E710241DDF16F15D /* Embed Pods Frameworks */ = {
			isa = PBXShellScriptBuildPhase;
			buildActionMask = 2147483647;
			files = (
			);
			inputPaths = (
			);
			name = "Embed Pods Frameworks";
			outputPaths = (
			);
			runOnlyForDeploymentPostprocessing = 0;
			shellPath = /bin/sh;
			shellScript = "\"${SRCROOT}/Pods/Target Support Files/Pods-Palm Oil/Pods-Palm Oil-frameworks.sh\"\n";
			showEnvVarsInLog = 0;
		};
/* End PBXShellScriptBuildPhase section */

/* Begin PBXSourcesBuildPhase section */
		7B81BC0C1AD96323006F1CB7 /* Sources */ = {
			isa = PBXSourcesBuildPhase;
			buildActionMask = 2147483647;
			files = (
				7B427B4A1AEA8FB9006E8AD6 /* PalmOilLogoView.swift in Sources */,
				7B81BC181AD96323006F1CB7 /* ViewController.swift in Sources */,
				7B7D1E8A1C4CEE9C00D7BEBA /* InfoPresentationController.swift in Sources */,
				7B81BC161AD96323006F1CB7 /* AppDelegate.swift in Sources */,
				7B8AD1691C4BA2370051F015 /* Sounds.swift in Sources */,
				7BDC61791ADA627900D2E23F /* ResultView.swift in Sources */,
				7B8AD1721C4CC00F0051F015 /* ViewController+Hacks.swift in Sources */,
				7BD5D6A51AD97B6400627117 /* PalmOilGlyphs.swift in Sources */,
				7B8AD1701C4CBE3D0051F015 /* Settings.swift in Sources */,
				7B3669621C4E3C25007D5740 /* ShadowView.swift in Sources */,
				7B8AD1741C4CC0E90051F015 /* Flashlight.swift in Sources */,
				7B269D1B1C4CEDAF002E0B37 /* InfoStoryboardSegue.swift in Sources */,
				7BD5D6A81AD97B8300627117 /* BarCodeView.swift in Sources */,
				7B269D191C4CE752002E0B37 /* InfoViewController.swift in Sources */,
				7BA1D96F1ADA732600CFF373 /* ApiConnector.swift in Sources */,
			);
			runOnlyForDeploymentPostprocessing = 0;
		};
		7B81BC211AD96323006F1CB7 /* Sources */ = {
			isa = PBXSourcesBuildPhase;
			buildActionMask = 2147483647;
			files = (
				7B81BC2C1AD96323006F1CB7 /* Palm_Oil_SpyTests.swift in Sources */,
			);
			runOnlyForDeploymentPostprocessing = 0;
		};
/* End PBXSourcesBuildPhase section */

/* Begin PBXTargetDependency section */
		7B81BC271AD96323006F1CB7 /* PBXTargetDependency */ = {
			isa = PBXTargetDependency;
			target = 7B81BC0F1AD96323006F1CB7 /* Palm Oil */;
			targetProxy = 7B81BC261AD96323006F1CB7 /* PBXContainerItemProxy */;
		};
/* End PBXTargetDependency section */

/* Begin PBXVariantGroup section */
		7B7D1E971C4D26CB00D7BEBA /* InfoPlist.strings */ = {
			isa = PBXVariantGroup;
			children = (
				7B7D1E961C4D26CB00D7BEBA /* Base */,
				7B7D1E981C4D26CE00D7BEBA /* cs */,
			);
			name = InfoPlist.strings;
			sourceTree = "<group>";
		};
		7B81BC191AD96323006F1CB7 /* Main.storyboard */ = {
			isa = PBXVariantGroup;
			children = (
				7B81BC1A1AD96323006F1CB7 /* Base */,
				7B8AD1751C4CDF0E0051F015 /* cs */,
			);
			name = Main.storyboard;
			sourceTree = "<group>";
		};
		7B81BC1E1AD96323006F1CB7 /* LaunchScreen.xib */ = {
			isa = PBXVariantGroup;
			children = (
				7B81BC1F1AD96323006F1CB7 /* Base */,
				7B8AD1761C4CDF0E0051F015 /* cs */,
			);
			name = LaunchScreen.xib;
			sourceTree = "<group>";
		};
/* End PBXVariantGroup section */

/* Begin XCBuildConfiguration section */
		7B81BC2D1AD96323006F1CB7 /* Debug */ = {
			isa = XCBuildConfiguration;
			buildSettings = {
				ALWAYS_SEARCH_USER_PATHS = NO;
				CLANG_CXX_LANGUAGE_STANDARD = "gnu++0x";
				CLANG_CXX_LIBRARY = "libc++";
				CLANG_ENABLE_MODULES = YES;
				CLANG_ENABLE_OBJC_ARC = YES;
				CLANG_WARN_BOOL_CONVERSION = YES;
				CLANG_WARN_CONSTANT_CONVERSION = YES;
				CLANG_WARN_DIRECT_OBJC_ISA_USAGE = YES_ERROR;
				CLANG_WARN_EMPTY_BODY = YES;
				CLANG_WARN_ENUM_CONVERSION = YES;
				CLANG_WARN_INT_CONVERSION = YES;
				CLANG_WARN_OBJC_ROOT_CLASS = YES_ERROR;
				CLANG_WARN_UNREACHABLE_CODE = YES;
				CLANG_WARN__DUPLICATE_METHOD_MATCH = YES;
				CODE_SIGN_IDENTITY = "iPhone Developer";
				"CODE_SIGN_IDENTITY[sdk=iphoneos*]" = "iPhone Developer";
				COPY_PHASE_STRIP = NO;
				DEBUG_INFORMATION_FORMAT = "dwarf-with-dsym";
				ENABLE_STRICT_OBJC_MSGSEND = YES;
				ENABLE_TESTABILITY = YES;
				GCC_C_LANGUAGE_STANDARD = gnu99;
				GCC_DYNAMIC_NO_PIC = NO;
				GCC_NO_COMMON_BLOCKS = YES;
				GCC_OPTIMIZATION_LEVEL = 0;
				GCC_PREPROCESSOR_DEFINITIONS = (
					"DEBUG=1",
					"$(inherited)",
				);
				GCC_SYMBOLS_PRIVATE_EXTERN = NO;
				GCC_WARN_64_TO_32_BIT_CONVERSION = YES;
				GCC_WARN_ABOUT_RETURN_TYPE = YES_ERROR;
				GCC_WARN_UNDECLARED_SELECTOR = YES;
				GCC_WARN_UNINITIALIZED_AUTOS = YES_AGGRESSIVE;
				GCC_WARN_UNUSED_FUNCTION = YES;
				GCC_WARN_UNUSED_VARIABLE = YES;
				IPHONEOS_DEPLOYMENT_TARGET = 8.1;
				MTL_ENABLE_DEBUG_INFO = YES;
				ONLY_ACTIVE_ARCH = YES;
				SDKROOT = iphoneos;
				SWIFT_OPTIMIZATION_LEVEL = "-Onone";
			};
			name = Debug;
		};
		7B81BC2E1AD96323006F1CB7 /* Release */ = {
			isa = XCBuildConfiguration;
			buildSettings = {
				ALWAYS_SEARCH_USER_PATHS = NO;
				CLANG_CXX_LANGUAGE_STANDARD = "gnu++0x";
				CLANG_CXX_LIBRARY = "libc++";
				CLANG_ENABLE_MODULES = YES;
				CLANG_ENABLE_OBJC_ARC = YES;
				CLANG_WARN_BOOL_CONVERSION = YES;
				CLANG_WARN_CONSTANT_CONVERSION = YES;
				CLANG_WARN_DIRECT_OBJC_ISA_USAGE = YES_ERROR;
				CLANG_WARN_EMPTY_BODY = YES;
				CLANG_WARN_ENUM_CONVERSION = YES;
				CLANG_WARN_INT_CONVERSION = YES;
				CLANG_WARN_OBJC_ROOT_CLASS = YES_ERROR;
				CLANG_WARN_UNREACHABLE_CODE = YES;
				CLANG_WARN__DUPLICATE_METHOD_MATCH = YES;
				CODE_SIGN_IDENTITY = "iPhone Developer";
				"CODE_SIGN_IDENTITY[sdk=iphoneos*]" = "iPhone Developer";
				COPY_PHASE_STRIP = NO;
				DEBUG_INFORMATION_FORMAT = "dwarf-with-dsym";
				ENABLE_NS_ASSERTIONS = NO;
				ENABLE_STRICT_OBJC_MSGSEND = YES;
				GCC_C_LANGUAGE_STANDARD = gnu99;
				GCC_NO_COMMON_BLOCKS = YES;
				GCC_WARN_64_TO_32_BIT_CONVERSION = YES;
				GCC_WARN_ABOUT_RETURN_TYPE = YES_ERROR;
				GCC_WARN_UNDECLARED_SELECTOR = YES;
				GCC_WARN_UNINITIALIZED_AUTOS = YES_AGGRESSIVE;
				GCC_WARN_UNUSED_FUNCTION = YES;
				GCC_WARN_UNUSED_VARIABLE = YES;
				IPHONEOS_DEPLOYMENT_TARGET = 8.1;
				MTL_ENABLE_DEBUG_INFO = NO;
				SDKROOT = iphoneos;
				VALIDATE_PRODUCT = YES;
			};
			name = Release;
		};
		7B81BC301AD96323006F1CB7 /* Debug */ = {
			isa = XCBuildConfiguration;
			baseConfigurationReference = 80173F398C1A3932A77DB8DD /* Pods-Palm Oil.debug.xcconfig */;
			buildSettings = {
				ASSETCATALOG_COMPILER_APPICON_NAME = AppIcon;
				CODE_SIGN_IDENTITY = "iPhone Developer";
				"CODE_SIGN_IDENTITY[sdk=iphoneos*]" = "iPhone Developer";
				INFOPLIST_FILE = "Palm Oil Spy/Info.plist";
				LD_RUNPATH_SEARCH_PATHS = "$(inherited) @executable_path/Frameworks";
				PRODUCT_BUNDLE_IDENTIFIER = "cz.gdgscl.$(PRODUCT_NAME:rfc1034identifier)";
				PRODUCT_NAME = "$(TARGET_NAME)";
				PROVISIONING_PROFILE = "";
				TARGETED_DEVICE_FAMILY = "1,2";
			};
			name = Debug;
		};
		7B81BC311AD96323006F1CB7 /* Release */ = {
			isa = XCBuildConfiguration;
			baseConfigurationReference = F737899666C6419F1B035ACF /* Pods-Palm Oil.release.xcconfig */;
			buildSettings = {
				ASSETCATALOG_COMPILER_APPICON_NAME = AppIcon;
				CODE_SIGN_IDENTITY = "iPhone Developer";
				"CODE_SIGN_IDENTITY[sdk=iphoneos*]" = "iPhone Developer";
				INFOPLIST_FILE = "Palm Oil Spy/Info.plist";
				LD_RUNPATH_SEARCH_PATHS = "$(inherited) @executable_path/Frameworks";
				PRODUCT_BUNDLE_IDENTIFIER = "cz.gdgscl.$(PRODUCT_NAME:rfc1034identifier)";
				PRODUCT_NAME = "$(TARGET_NAME)";
				PROVISIONING_PROFILE = "";
				TARGETED_DEVICE_FAMILY = "1,2";
			};
			name = Release;
		};
		7B81BC331AD96323006F1CB7 /* Debug */ = {
			isa = XCBuildConfiguration;
			buildSettings = {
				BUNDLE_LOADER = "$(TEST_HOST)";
				FRAMEWORK_SEARCH_PATHS = (
					"$(SDKROOT)/Developer/Library/Frameworks",
					"$(inherited)",
				);
				GCC_PREPROCESSOR_DEFINITIONS = (
					"DEBUG=1",
					"$(inherited)",
				);
				INFOPLIST_FILE = "Palm Oil SpyTests/Info.plist";
				LD_RUNPATH_SEARCH_PATHS = "$(inherited) @executable_path/Frameworks @loader_path/Frameworks";
				PRODUCT_BUNDLE_IDENTIFIER = "cz.gdgscl.$(PRODUCT_NAME:rfc1034identifier)";
				PRODUCT_NAME = "$(TARGET_NAME)";
				TEST_HOST = "$(BUILT_PRODUCTS_DIR)/Palm Oil.app/Palm Oil";
			};
			name = Debug;
		};
		7B81BC341AD96323006F1CB7 /* Release */ = {
			isa = XCBuildConfiguration;
			buildSettings = {
				BUNDLE_LOADER = "$(TEST_HOST)";
				FRAMEWORK_SEARCH_PATHS = (
					"$(SDKROOT)/Developer/Library/Frameworks",
					"$(inherited)",
				);
				INFOPLIST_FILE = "Palm Oil SpyTests/Info.plist";
				LD_RUNPATH_SEARCH_PATHS = "$(inherited) @executable_path/Frameworks @loader_path/Frameworks";
				PRODUCT_BUNDLE_IDENTIFIER = "cz.gdgscl.$(PRODUCT_NAME:rfc1034identifier)";
				PRODUCT_NAME = "$(TARGET_NAME)";
				TEST_HOST = "$(BUILT_PRODUCTS_DIR)/Palm Oil.app/Palm Oil";
			};
			name = Release;
		};
/* End XCBuildConfiguration section */

/* Begin XCConfigurationList section */
		7B81BC0B1AD96323006F1CB7 /* Build configuration list for PBXProject "Palm Oil Spy" */ = {
			isa = XCConfigurationList;
			buildConfigurations = (
				7B81BC2D1AD96323006F1CB7 /* Debug */,
				7B81BC2E1AD96323006F1CB7 /* Release */,
			);
			defaultConfigurationIsVisible = 0;
			defaultConfigurationName = Release;
		};
		7B81BC2F1AD96323006F1CB7 /* Build configuration list for PBXNativeTarget "Palm Oil" */ = {
			isa = XCConfigurationList;
			buildConfigurations = (
				7B81BC301AD96323006F1CB7 /* Debug */,
				7B81BC311AD96323006F1CB7 /* Release */,
			);
			defaultConfigurationIsVisible = 0;
			defaultConfigurationName = Release;
		};
		7B81BC321AD96323006F1CB7 /* Build configuration list for PBXNativeTarget "Palm OilTests" */ = {
			isa = XCConfigurationList;
			buildConfigurations = (
				7B81BC331AD96323006F1CB7 /* Debug */,
				7B81BC341AD96323006F1CB7 /* Release */,
			);
			defaultConfigurationIsVisible = 0;
			defaultConfigurationName = Release;
		};
/* End XCConfigurationList section */
	};
	rootObject = 7B81BC081AD96323006F1CB7 /* Project object */;
}
